
Microsoft Visual Studio Solution File, Format Version 12.00
# Visual Studio 2013
VisualStudioVersion = 12.0.21005.1
MinimumVisualStudioVersion = 10.0.40219.1
Project("{8BC9CEB8-8B4A-11D0-8D11-00A0C91BC942}") = "Homework_2", "Homework_2\Homework_2.vcxproj", "{D02F0D24-7315-446A-AC4B-2435DEF3FDB1}"
EndProject
Global
	GlobalSection(SolutionConfigurationPlatforms) = preSolution
		Debug|Win32 = Debug|Win32
		Release|Win32 = Release|Win32
	EndGlobalSection
	GlobalSection(ProjectConfigurationPlatforms) = postSolution
		{D02F0D24-7315-446A-AC4B-2435DEF3FDB1}.Debug|Win32.ActiveCfg = Debug|Win32
		{D02F0D24-7315-446A-AC4B-2435DEF3FDB1}.Debug|Win32.Build.0 = Debug|Win32
		{D02F0D24-7315-446A-AC4B-2435DEF3FDB1}.Release|Win32.ActiveCfg = Release|Win32
		{D02F0D24-7315-446A-AC4B-2435DEF3FDB1}.Release|Win32.Build.0 = Release|Win32
	EndGlobalSection
	GlobalSection(SolutionProperties) = preSolution
		HideSolutionNode = FALSE
	EndGlobalSection
EndGlobal
